// !$*UTF8*$!
{
	archiveVersion = 1;
	classes = {
	};
	objectVersion = 55;
	objects = {

/* Begin PBXBuildFile section */
		636A2EFA27FD279F0011370A /* AppDelegate.swift in Sources */ = {isa = PBXBuildFile; fileRef = 636A2EF927FD279F0011370A /* AppDelegate.swift */; };
		636A2EFC27FD279F0011370A /* SceneDelegate.swift in Sources */ = {isa = PBXBuildFile; fileRef = 636A2EFB27FD279F0011370A /* SceneDelegate.swift */; };
		636A2EFE27FD279F0011370A /* ViewController.swift in Sources */ = {isa = PBXBuildFile; fileRef = 636A2EFD27FD279F0011370A /* ViewController.swift */; };
		636A2F0127FD279F0011370A /* Main.storyboard in Resources */ = {isa = PBXBuildFile; fileRef = 636A2EFF27FD279F0011370A /* Main.storyboard */; };
		636A2F0327FD27A00011370A /* Assets.xcassets in Resources */ = {isa = PBXBuildFile; fileRef = 636A2F0227FD27A00011370A /* Assets.xcassets */; };
		636A2F0627FD27A00011370A /* LaunchScreen.storyboard in Resources */ = {isa = PBXBuildFile; fileRef = 636A2F0427FD27A00011370A /* LaunchScreen.storyboard */; };
		7D8781DB2818D63B00DEDCD6 /* DailyTaskScreen.swift in Sources */ = {isa = PBXBuildFile; fileRef = 7D8781DA2818D63B00DEDCD6 /* DailyTaskScreen.swift */; };
/* End PBXBuildFile section */

/* Begin PBXFileReference section */
		636A2EF627FD279F0011370A /* ClassProj.app */ = {isa = PBXFileReference; explicitFileType = wrapper.application; includeInIndex = 0; path = ClassProj.app; sourceTree = BUILT_PRODUCTS_DIR; };
		636A2EF927FD279F0011370A /* AppDelegate.swift */ = {isa = PBXFileReference; lastKnownFileType = sourcecode.swift; path = AppDelegate.swift; sourceTree = "<group>"; };
		636A2EFB27FD279F0011370A /* SceneDelegate.swift */ = {isa = PBXFileReference; lastKnownFileType = sourcecode.swift; path = SceneDelegate.swift; sourceTree = "<group>"; };
		636A2EFD27FD279F0011370A /* ViewController.swift */ = {isa = PBXFileReference; lastKnownFileType = sourcecode.swift; path = ViewController.swift; sourceTree = "<group>"; };
		636A2F0027FD279F0011370A /* Base */ = {isa = PBXFileReference; lastKnownFileType = file.storyboard; name = Base; path = Base.lproj/Main.storyboard; sourceTree = "<group>"; };
		636A2F0227FD27A00011370A /* Assets.xcassets */ = {isa = PBXFileReference; lastKnownFileType = folder.assetcatalog; path = Assets.xcassets; sourceTree = "<group>"; };
		636A2F0527FD27A00011370A /* Base */ = {isa = PBXFileReference; lastKnownFileType = file.storyboard; name = Base; path = Base.lproj/LaunchScreen.storyboard; sourceTree = "<group>"; };
		636A2F0727FD27A00011370A /* Info.plist */ = {isa = PBXFileReference; lastKnownFileType = text.plist.xml; path = Info.plist; sourceTree = "<group>"; };
		7D8781DA2818D63B00DEDCD6 /* DailyTaskScreen.swift */ = {isa = PBXFileReference; lastKnownFileType = sourcecode.swift; path = DailyTaskScreen.swift; sourceTree = "<group>"; };
/* End PBXFileReference section */

/* Begin PBXFrameworksBuildPhase section */
		636A2EF327FD279F0011370A /* Frameworks */ = {
			isa = PBXFrameworksBuildPhase;
			buildActionMask = 2147483647;
			files = (
			);
			runOnlyForDeploymentPostprocessing = 0;
		};
/* End PBXFrameworksBuildPhase section */

/* Begin PBXGroup section */
		636A2EED27FD279F0011370A = {
			isa = PBXGroup;
			children = (
				636A2EF827FD279F0011370A /* ClassProj */,
				636A2EF727FD279F0011370A /* Products */,
			);
			sourceTree = "<group>";
		};
		636A2EF727FD279F0011370A /* Products */ = {
			isa = PBXGroup;
			children = (
				636A2EF627FD279F0011370A /* ClassProj.app */,
			);
			name = Products;
			sourceTree = "<group>";
		};
		636A2EF827FD279F0011370A /* ClassProj */ = {
			isa = PBXGroup;
			children = (
				7D8781DA2818D63B00DEDCD6 /* DailyTaskScreen.swift */,
				636A2EF927FD279F0011370A /* AppDelegate.swift */,
				636A2EFB27FD279F0011370A /* SceneDelegate.swift */,
				636A2EFD27FD279F0011370A /* ViewController.swift */,
				636A2EFF27FD279F0011370A /* Main.storyboard */,
				636A2F0227FD27A00011370A /* Assets.xcassets */,
				636A2F0427FD27A00011370A /* LaunchScreen.storyboard */,
				636A2F0727FD27A00011370A /* Info.plist */,
			);
			path = ClassProj;
			sourceTree = "<group>";
		};
/* End PBXGroup section */

/* Begin PBXNativeTarget section */
		636A2EF527FD279F0011370A /* ClassProj */ = {
			isa = PBXNativeTarget;
			buildConfigurationList = 636A2F0A27FD27A00011370A /* Build configuration list for PBXNativeTarget "ClassProj" */;
			buildPhases = (
				636A2EF227FD279F0011370A /* Sources */,
				636A2EF327FD279F0011370A /* Frameworks */,
				636A2EF427FD279F0011370A /* Resources */,
			);
			buildRules = (
			);
			dependencies = (
			);
			name = ClassProj;
			productName = ClassProj;
			productReference = 636A2EF627FD279F0011370A /* ClassProj.app */;
			productType = "com.apple.product-type.application";
		};
/* End PBXNativeTarget section */

/* Begin PBXProject section */
		636A2EEE27FD279F0011370A /* Project object */ = {
			isa = PBXProject;
			attributes = {
				BuildIndependentTargetsInParallel = 1;
				LastSwiftUpdateCheck = 1330;
				LastUpgradeCheck = 1330;
				TargetAttributes = {
					636A2EF527FD279F0011370A = {
						CreatedOnToolsVersion = 13.3;
					};
				};
			};
			buildConfigurationList = 636A2EF127FD279F0011370A /* Build configuration list for PBXProject "ClassProj" */;
			compatibilityVersion = "Xcode 13.0";
			developmentRegion = en;
			hasScannedForEncodings = 0;
			knownRegions = (
				en,
				Base,
			);
			mainGroup = 636A2EED27FD279F0011370A;
			productRefGroup = 636A2EF727FD279F0011370A /* Products */;
			projectDirPath = "";
			projectRoot = "";
			targets = (
				636A2EF527FD279F0011370A /* ClassProj */,
			);
		};
/* End PBXProject section */

/* Begin PBXResourcesBuildPhase section */
		636A2EF427FD279F0011370A /* Resources */ = {
			isa = PBXResourcesBuildPhase;
			buildActionMask = 2147483647;
			files = (
				636A2F0627FD27A00011370A /* LaunchScreen.storyboard in Resources */,
				636A2F0327FD27A00011370A /* Assets.xcassets in Resources */,
				636A2F0127FD279F0011370A /* Main.storyboard in Resources */,
			);
			runOnlyForDeploymentPostprocessing = 0;
		};
/* End PBXResourcesBuildPhase section */

/* Begin PBXSourcesBuildPhase section */
		636A2EF227FD279F0011370A /* Sources */ = {
			isa = PBXSourcesBuildPhase;
			buildActionMask = 2147483647;
			files = (
				636A2EFE27FD279F0011370A /* ViewController.swift in Sources */,
				636A2EFA27FD279F0011370A /* AppDelegate.swift in Sources */,
				7D8781DB2818D63B00DEDCD6 /* DailyTaskScreen.swift in Sources */,
				636A2EFC27FD279F0011370A /* SceneDelegate.swift in Sources */,
			);
			runOnlyForDeploymentPostprocessing = 0;
		};
/* End PBXSourcesBuildPhase section */

/* Begin PBXVariantGroup section */
		636A2EFF27FD279F0011370A /* Main.storyboard */ = {
			isa = PBXVariantGroup;
			children = (
				636A2F0027FD279F0011370A /* Base */,
			);
			name = Main.storyboard;
			sourceTree = "<group>";
		};
		636A2F0427FD27A00011370A /* LaunchScreen.storyboard */ = {
			isa = PBXVariantGroup;
			children = (
				636A2F0527FD27A00011370A /* Base */,
			);
			name = LaunchScreen.storyboard;
			sourceTree = "<group>";
		};
/* End PBXVariantGroup section */

/* Begin XCBuildConfiguration section */
		636A2F0827FD27A00011370A /* Debug */ = {
			isa = XCBuildConfiguration;
			buildSettings = {
				ALWAYS_SEARCH_USER_PATHS = NO;
				CLANG_ANALYZER_NONNULL = YES;
				CLANG_ANALYZER_NUMBER_OBJECT_CONVERSION = YES_AGGRESSIVE;
				CLANG_CXX_LANGUAGE_STANDARD = "gnu++17";
				CLANG_ENABLE_MODULES = YES;
				CLANG_ENABLE_OBJC_ARC = YES;
				CLANG_ENABLE_OBJC_WEAK = YES;
				CLANG_WARN_BLOCK_CAPTURE_AUTORELEASING = YES;
				CLANG_WARN_BOOL_CONVERSION = YES;
				CLANG_WARN_COMMA = YES;
				CLANG_WARN_CONSTANT_CONVERSION = YES;
				CLANG_WARN_DEPRECATED_OBJC_IMPLEMENTATIONS = YES;
				CLANG_WARN_DIRECT_OBJC_ISA_USAGE = YES_ERROR;
				CLANG_WARN_DOCUMENTATION_COMMENTS = YES;
				CLANG_WARN_EMPTY_BODY = YES;
				CLANG_WARN_ENUM_CONVERSION = YES;
				CLANG_WARN_INFINITE_RECURSION = YES;
				CLANG_WARN_INT_CONVERSION = YES;
				CLANG_WARN_NON_LITERAL_NULL_CONVERSION = YES;
				CLANG_WARN_OBJC_IMPLICIT_RETAIN_SELF = YES;
				CLANG_WARN_OBJC_LITERAL_CONVERSION = YES;
				CLANG_WARN_OBJC_ROOT_CLASS = YES_ERROR;
				CLANG_WARN_QUOTED_INCLUDE_IN_FRAMEWORK_HEADER = YES;
				CLANG_WARN_RANGE_LOOP_ANALYSIS = YES;
				CLANG_WARN_STRICT_PROTOTYPES = YES;
				CLANG_WARN_SUSPICIOUS_MOVE = YES;
				CLANG_WARN_UNGUARDED_AVAILABILITY = YES_AGGRESSIVE;
				CLANG_WARN_UNREACHABLE_CODE = YES;
				CLANG_WARN__DUPLICATE_METHOD_MATCH = YES;
				COPY_PHASE_STRIP = NO;
				DEBUG_INFORMATION_FORMAT = dwarf;
				ENABLE_STRICT_OBJC_MSGSEND = YES;
				ENABLE_TESTABILITY = YES;
				GCC_C_LANGUAGE_STANDARD = gnu11;
				GCC_DYNAMIC_NO_PIC = NO;
				GCC_NO_COMMON_BLOCKS = YES;
				GCC_OPTIMIZATION_LEVEL = 0;
				GCC_PREPROCESSOR_DEFINITIONS = (
					"DEBUG=1",
					"$(inherited)",
				);
				GCC_WARN_64_TO_32_BIT_CONVERSION = YES;
				GCC_WARN_ABOUT_RETURN_TYPE = YES_ERROR;
				GCC_WARN_UNDECLARED_SELECTOR = YES;
				GCC_WARN_UNINITIALIZED_AUTOS = YES_AGGRESSIVE;
				GCC_WARN_UNUSED_FUNCTION = YES;
				GCC_WARN_UNUSED_VARIABLE = YES;
				IPHONEOS_DEPLOYMENT_TARGET = 15.4;
				MTL_ENABLE_DEBUG_INFO = INCLUDE_SOURCE;
				MTL_FAST_MATH = YES;
				ONLY_ACTIVE_ARCH = YES;
				SDKROOT = iphoneos;
				SWIFT_ACTIVE_COMPILATION_CONDITIONS = DEBUG;
				SWIFT_OPTIMIZATION_LEVEL = "-Onone";
			};
			name = Debug;
		};
		636A2F0927FD27A00011370A /* Release */ = {
			isa = XCBuildConfiguration;
			buildSettings = {
				ALWAYS_SEARCH_USER_PATHS = NO;
				CLANG_ANALYZER_NONNULL = YES;
				CLANG_ANALYZER_NUMBER_OBJECT_CONVERSION = YES_AGGRESSIVE;
				CLANG_CXX_LANGUAGE_STANDARD = "gnu++17";
				CLANG_ENABLE_MODULES = YES;
				CLANG_ENABLE_OBJC_ARC = YES;
				CLANG_ENABLE_OBJC_WEAK = YES;
				CLANG_WARN_BLOCK_CAPTURE_AUTORELEASING = YES;
				CLANG_WARN_BOOL_CONVERSION = YES;
				CLANG_WARN_COMMA = YES;
				CLANG_WARN_CONSTANT_CONVERSION = YES;
				CLANG_WARN_DEPRECATED_OBJC_IMPLEMENTATIONS = YES;
				CLANG_WARN_DIRECT_OBJC_ISA_USAGE = YES_ERROR;
				CLANG_WARN_DOCUMENTATION_COMMENTS = YES;
				CLANG_WARN_EMPTY_BODY = YES;
				CLANG_WARN_ENUM_CONVERSION = YES;
				CLANG_WARN_INFINITE_RECURSION = YES;
				CLANG_WARN_INT_CONVERSION = YES;
				CLANG_WARN_NON_LITERAL_NULL_CONVERSION = YES;
				CLANG_WARN_OBJC_IMPLICIT_RETAIN_SELF = YES;
				CLANG_WARN_OBJC_LITERAL_CONVERSION = YES;
				CLANG_WARN_OBJC_ROOT_CLASS = YES_ERROR;
				CLANG_WARN_QUOTED_INCLUDE_IN_FRAMEWORK_HEADER = YES;
				CLANG_WARN_RANGE_LOOP_ANALYSIS = YES;
				CLANG_WARN_STRICT_PROTOTYPES = YES;
				CLANG_WARN_SUSPICIOUS_MOVE = YES;
				CLANG_WARN_UNGUARDED_AVAILABILITY = YES_AGGRESSIVE;
				CLANG_WARN_UNREACHABLE_CODE = YES;
				CLANG_WARN__DUPLICATE_METHOD_MATCH = YES;
				COPY_PHASE_STRIP = NO;
				DEBUG_INFORMATION_FORMAT = "dwarf-with-dsym";
				ENABLE_NS_ASSERTIONS = NO;
				ENABLE_STRICT_OBJC_MSGSEND = YES;
				GCC_C_LANGUAGE_STANDARD = gnu11;
				GCC_NO_COMMON_BLOCKS = YES;
				GCC_WARN_64_TO_32_BIT_CONVERSION = YES;
				GCC_WARN_ABOUT_RETURN_TYPE = YES_ERROR;
				GCC_WARN_UNDECLARED_SELECTOR = YES;
				GCC_WARN_UNINITIALIZED_AUTOS = YES_AGGRESSIVE;
				GCC_WARN_UNUSED_FUNCTION = YES;
				GCC_WARN_UNUSED_VARIABLE = YES;
				IPHONEOS_DEPLOYMENT_TARGET = 15.4;
				MTL_ENABLE_DEBUG_INFO = NO;
				MTL_FAST_MATH = YES;
				SDKROOT = iphoneos;
				SWIFT_COMPILATION_MODE = wholemodule;
				SWIFT_OPTIMIZATION_LEVEL = "-O";
				VALIDATE_PRODUCT = YES;
			};
			name = Release;
		};
		636A2F0B27FD27A00011370A /* Debug */ = {
			isa = XCBuildConfiguration;
			buildSettings = {
				ASSETCATALOG_COMPILER_APPICON_NAME = AppIcon;
				ASSETCATALOG_COMPILER_GLOBAL_ACCENT_COLOR_NAME = AccentColor;
				CODE_SIGN_STYLE = Automatic;
				CURRENT_PROJECT_VERSION = 1;
				DEVELOPMENT_TEAM = 6N2WV753TG;
				GENERATE_INFOPLIST_FILE = YES;
				INFOPLIST_FILE = ClassProj/Info.plist;
				INFOPLIST_KEY_UIApplicationSupportsIndirectInputEvents = YES;
				INFOPLIST_KEY_UILaunchStoryboardName = LaunchScreen;
				INFOPLIST_KEY_UIMainStoryboardFile = Main;
				INFOPLIST_KEY_UISupportedInterfaceOrientations_iPad = "UIInterfaceOrientationPortrait UIInterfaceOrientationPortraitUpsideDown UIInterfaceOrientationLandscapeLeft UIInterfaceOrientationLandscapeRight";
				INFOPLIST_KEY_UISupportedInterfaceOrientations_iPhone = "UIInterfaceOrientationPortrait UIInterfaceOrientationLandscapeLeft UIInterfaceOrientationLandscapeRight";
				LD_RUNPATH_SEARCH_PATHS = (
					"$(inherited)",
					"@executable_path/Frameworks",
				);
				MARKETING_VERSION = 1.0;
				PRODUCT_BUNDLE_IDENTIFIER = com.HarrisDeVaunteweek09.ClassProj;
				PRODUCT_NAME = "$(TARGET_NAME)";
				SWIFT_EMIT_LOC_STRINGS = YES;
				SWIFT_VERSION = 5.0;
				TARGETED_DEVICE_FAMILY = "1,2";
			};
			name = Debug;
		};
		636A2F0C27FD27A00011370A /* Release */ = {
			isa = XCBuildConfiguration;
			buildSettings = {
				ASSETCATALOG_COMPILER_APPICON_NAME = AppIcon;
				ASSETCATALOG_COMPILER_GLOBAL_ACCENT_COLOR_NAME = AccentColor;
				CODE_SIGN_STYLE = Automatic;
				CURRENT_PROJECT_VERSION = 1;
				DEVELOPMENT_TEAM = 6N2WV753TG;
				GENERATE_INFOPLIST_FILE = YES;
				INFOPLIST_FILE = ClassProj/Info.plist;
				INFOPLIST_KEY_UIApplicationSupportsIndirectInputEvents = YES;
				INFOPLIST_KEY_UILaunchStoryboardName = LaunchScreen;
				INFOPLIST_KEY_UIMainStoryboardFile = Main;
				INFOPLIST_KEY_UISupportedInterfaceOrientations_iPad = "UIInterfaceOrientationPortrait UIInterfaceOrientationPortraitUpsideDown UIInterfaceOrientationLandscapeLeft UIInterfaceOrientationLandscapeRight";
				INFOPLIST_KEY_UISupportedInterfaceOrientations_iPhone = "UIInterfaceOrientationPortrait UIInterfaceOrientationLandscapeLeft UIInterfaceOrientationLandscapeRight";
				LD_RUNPATH_SEARCH_PATHS = (
					"$(inherited)",
					"@executable_path/Frameworks",
				);
				MARKETING_VERSION = 1.0;
				PRODUCT_BUNDLE_IDENTIFIER = com.HarrisDeVaunteweek09.ClassProj;
				PRODUCT_NAME = "$(TARGET_NAME)";
				SWIFT_EMIT_LOC_STRINGS = YES;
				SWIFT_VERSION = 5.0;
				TARGETED_DEVICE_FAMILY = "1,2";
			};
			name = Release;
		};
/* End XCBuildConfiguration section */

/* Begin XCConfigurationList section */
		636A2EF127FD279F0011370A /* Build configuration list for PBXProject "ClassProj" */ = {
			isa = XCConfigurationList;
			buildConfigurations = (
				636A2F0827FD27A00011370A /* Debug */,
				636A2F0927FD27A00011370A /* Release */,
			);
			defaultConfigurationIsVisible = 0;
			defaultConfigurationName = Release;
		};
		636A2F0A27FD27A00011370A /* Build configuration list for PBXNativeTarget "ClassProj" */ = {
			isa = XCConfigurationList;
			buildConfigurations = (
				636A2F0B27FD27A00011370A /* Debug */,
				636A2F0C27FD27A00011370A /* Release */,
			);
			defaultConfigurationIsVisible = 0;
			defaultConfigurationName = Release;
		};
/* End XCConfigurationList section */
	};
	rootObject = 636A2EEE27FD279F0011370A /* Project object */;
}
